<?xml version="1.0" encoding="utf-8"?>
<Project ToolsVersion="4.0" xmlns="http://schemas.microsoft.com/developer/msbuild/2003">
  <ItemGroup>
    <Filter Include="Source Files">
      <UniqueIdentifier>{4FC737F1-C7A5-4376-A066-2A32D752A2FF}</UniqueIdentifier>
      <Extensions>cpp;c;cc;cxx;def;odl;idl;hpj;bat;asm;asmx</Extensions>
    </Filter>
    <Filter Include="Header Files">
      <UniqueIdentifier>{93995380-89BD-4b04-88EB-625FBE52EBFB}</UniqueIdentifier>
      <Extensions>h;hh;hpp;hxx;hm;inl;inc;xsd</Extensions>
    </Filter>
    <Filter Include="Resource Files">
      <UniqueIdentifier>{67DA6AB6-F800-4c08-8B7A-83BB121AAD01}</UniqueIdentifier>
      <Extensions>rc;ico;cur;bmp;dlg;rc2;rct;bin;rgs;gif;jpg;jpeg;jpe;resx;tiff;tif;png;wav</Extensions>
    </Filter>
  </ItemGroup>
  <ItemGroup>
    <ClCompile Include="buildindex\BuildBitmapIndex.cpp">
      <Filter>Source Files</Filter>
    </ClCompile>
    <ClCompile Include="buildtriplebitfromn3\BuildTripleBit.cpp">
      <Filter>Source Files</Filter>
    </ClCompile>
    <ClCompile Include="searchapi\searchOldDatabase.cpp">
      <Filter>Source Files</Filter>
    </ClCompile>
    <ClCompile Include="searchapi\Server.cpp">
      <Filter>Source Files</Filter>
    </ClCompile>
    <ClCompile Include="triplebit\BitmapBuffer.cpp">
      <Filter>Source Files</Filter>
    </ClCompile>
    <ClCompile Include="triplebit\EntityIDBuffer.cpp">
      <Filter>Source Files</Filter>
    </ClCompile>
    <ClCompile Include="triplebit\HashIndex.cpp">
      <Filter>Source Files</Filter>
    </ClCompile>
    <ClCompile Include="triplebit\LineHashIndex.cpp">
      <Filter>Source Files</Filter>
    </ClCompile>
    <ClCompile Include="triplebit\MemoryBuffer.cpp">
      <Filter>Source Files</Filter>
    </ClCompile>
    <ClCompile Include="triplebit\MessageEngine.cpp">
      <Filter>Source Files</Filter>
    </ClCompile>
    <ClCompile Include="triplebit\MMapBuffer.cpp">
      <Filter>Source Files</Filter>
    </ClCompile>
    <ClCompile Include="triplebit\ObjectPool.cpp">
      <Filter>Source Files</Filter>
    </ClCompile>
    <ClCompile Include="triplebit\OSFile.cpp">
      <Filter>Source Files</Filter>
    </ClCompile>
    <ClCompile Include="triplebit\PartitionMaster.cpp">
      <Filter>Source Files</Filter>
    </ClCompile>
    <ClCompile Include="triplebit\PlanGenerator.cpp">
      <Filter>Source Files</Filter>
    </ClCompile>
    <ClCompile Include="triplebit\PredicateTable.cpp">
      <Filter>Source Files</Filter>
    </ClCompile>
    <ClCompile Include="triplebit\QuerySemanticAnalysis.cpp">
      <Filter>Source Files</Filter>
    </ClCompile>
    <ClCompile Include="triplebit\ResultIDBuffer.cpp">
      <Filter>Source Files</Filter>
    </ClCompile>
    <ClCompile Include="triplebit\Sorter.cpp">
      <Filter>Source Files</Filter>
    </ClCompile>
    <ClCompile Include="triplebit\SPARQLLexer.cpp">
      <Filter>Source Files</Filter>
    </ClCompile>
    <ClCompile Include="triplebit\SPARQLParser.cpp">
      <Filter>Source Files</Filter>
    </ClCompile>
    <ClCompile Include="triplebit\StatisticsBuffer.cpp">
      <Filter>Source Files</Filter>
    </ClCompile>
    <ClCompile Include="triplebit\StringIDSegment.cpp">
      <Filter>Source Files</Filter>
    </ClCompile>
    <ClCompile Include="triplebit\SynchronousBuffer.cpp">
      <Filter>Source Files</Filter>
    </ClCompile>
    <ClCompile Include="triplebit\TempBuffer.cpp">
      <Filter>Source Files</Filter>
    </ClCompile>
    <ClCompile Include="triplebit\TempFile.cpp">
      <Filter>Source Files</Filter>
    </ClCompile>
    <ClCompile Include="triplebit\TempMMapBuffer.cpp">
      <Filter>Source Files</Filter>
    </ClCompile>
    <ClCompile Include="triplebit\ThreadPool.cpp">
      <Filter>Source Files</Filter>
    </ClCompile>
    <ClCompile Include="triplebit\TripleBitBuilder.cpp">
      <Filter>Source Files</Filter>
    </ClCompile>
    <ClCompile Include="triplebit\triplebitQueryAPI.cpp">
      <Filter>Source Files</Filter>
    </ClCompile>
    <ClCompile Include="triplebit\TripleBitQueryGraph.cpp">
      <Filter>Source Files</Filter>
    </ClCompile>
    <ClCompile Include="triplebit\TripleBitRepository.cpp">
      <Filter>Source Files</Filter>
    </ClCompile>
    <ClCompile Include="triplebit\TripleBitWorker.cpp">
      <Filter>Source Files</Filter>
    </ClCompile>
    <ClCompile Include="triplebit\TripleBitWorkerQuery.cpp">
      <Filter>Source Files</Filter>
    </ClCompile>
    <ClCompile Include="triplebit\TurtleParser.cpp">
      <Filter>Source Files</Filter>
    </ClCompile>
    <ClCompile Include="triplebit\URITable.cpp">
      <Filter>Source Files</Filter>
    </ClCompile>
    <ClCompile Include="triplebit\tools\Mutex.cpp">
      <Filter>Source Files</Filter>
    </ClCompile>
    <ClCompile Include="triplebit\util\BufferManager.cpp">
      <Filter>Source Files</Filter>
    </ClCompile>
    <ClCompile Include="triplebit\util\HashJoin.cpp">
      <Filter>Source Files</Filter>
    </ClCompile>
    <ClCompile Include="triplebit\util\PartitionBufferManager.cpp">
      <Filter>Source Files</Filter>
    </ClCompile>
    <ClCompile Include="triplebit\util\SortMergeJoin.cpp">
      <Filter>Source Files</Filter>
    </ClCompile>
    <ClCompile Include="triplebit\util\Timestamp.cpp">
      <Filter>Source Files</Filter>
    </ClCompile>
    <ClCompile Include="triplebitquery\TripleBitQuery.cpp">
      <Filter>Source Files</Filter>
    </ClCompile>
    <ClCompile Include="triplebitqueryforid\TripleBitQueryForID.cpp">
      <Filter>Source Files</Filter>
    </ClCompile>
  </ItemGroup>
  <ItemGroup>
    <ClInclude Include="buildindex\BuildBitmapIndex.h">
      <Filter>Header Files</Filter>
    </ClInclude>
    <ClInclude Include="cudalib\cuEntityIDBuffer.h">
      <Filter>Header Files</Filter>
    </ClInclude>
    <ClInclude Include="cudalib\test1.h">
      <Filter>Header Files</Filter>
    </ClInclude>
    <ClInclude Include="cudalib\test2.h">
      <Filter>Header Files</Filter>
    </ClInclude>
    <ClInclude Include="searchapi\Server.h">
      <Filter>Header Files</Filter>
    </ClInclude>
    <ClInclude Include="triplebit\BitmapBuffer.h">
      <Filter>Header Files</Filter>
    </ClInclude>
    <ClInclude Include="triplebit\CBitMap.h">
      <Filter>Header Files</Filter>
    </ClInclude>
    <ClInclude Include="triplebit\EntityIDBuffer.h">
      <Filter>Header Files</Filter>
    </ClInclude>
    <ClInclude Include="triplebit\Hash.h">
      <Filter>Header Files</Filter>
    </ClInclude>
    <ClInclude Include="triplebit\HashIndex.h">
      <Filter>Header Files</Filter>
    </ClInclude>
    <ClInclude Include="triplebit\IRepository.h">
      <Filter>Header Files</Filter>
    </ClInclude>
    <ClInclude Include="triplebit\LineHashIndex.h">
      <Filter>Header Files</Filter>
    </ClInclude>
    <ClInclude Include="triplebit\MemoryBuffer.h">
      <Filter>Header Files</Filter>
    </ClInclude>
    <ClInclude Include="triplebit\MessageEngine.h">
      <Filter>Header Files</Filter>
    </ClInclude>
    <ClInclude Include="triplebit\MMapBuffer.h">
      <Filter>Header Files</Filter>
    </ClInclude>
    <ClInclude Include="triplebit\ObjectPool.h">
      <Filter>Header Files</Filter>
    </ClInclude>
    <ClInclude Include="triplebit\OSFile.h">
      <Filter>Header Files</Filter>
    </ClInclude>
    <ClInclude Include="triplebit\PartitionMaster.h">
      <Filter>Header Files</Filter>
    </ClInclude>
    <ClInclude Include="triplebit\PlanGenerator.h">
      <Filter>Header Files</Filter>
    </ClInclude>
    <ClInclude Include="triplebit\PredicateTable.h">
      <Filter>Header Files</Filter>
    </ClInclude>
    <ClInclude Include="triplebit\QuerySemanticAnalysis.h">
      <Filter>Header Files</Filter>
    </ClInclude>
    <ClInclude Include="triplebit\ResultIDBuffer.h">
      <Filter>Header Files</Filter>
    </ClInclude>
    <ClInclude Include="triplebit\Sorter.h">
      <Filter>Header Files</Filter>
    </ClInclude>
    <ClInclude Include="triplebit\SPARQLLexer.h">
      <Filter>Header Files</Filter>
    </ClInclude>
    <ClInclude Include="triplebit\SPARQLParser.h">
      <Filter>Header Files</Filter>
    </ClInclude>
    <ClInclude Include="triplebit\StatisticsBuffer.h">
      <Filter>Header Files</Filter>
    </ClInclude>
    <ClInclude Include="triplebit\StringIDSegment.h">
      <Filter>Header Files</Filter>
    </ClInclude>
    <ClInclude Include="triplebit\SynchronousBuffer.h">
      <Filter>Header Files</Filter>
    </ClInclude>
    <ClInclude Include="triplebit\TempBuffer.h">
      <Filter>Header Files</Filter>
    </ClInclude>
    <ClInclude Include="triplebit\TempFile.h">
      <Filter>Header Files</Filter>
    </ClInclude>
    <ClInclude Include="triplebit\TempMMapBuffer.h">
      <Filter>Header Files</Filter>
    </ClInclude>
    <ClInclude Include="triplebit\ThreadPool.h">
      <Filter>Header Files</Filter>
    </ClInclude>
    <ClInclude Include="triplebit\TripleBit.h">
      <Filter>Header Files</Filter>
    </ClInclude>
    <ClInclude Include="triplebit\TripleBitBuilder.h">
      <Filter>Header Files</Filter>
    </ClInclude>
    <ClInclude Include="triplebit\tripleBitQueryAPI.h">
      <Filter>Header Files</Filter>
    </ClInclude>
    <ClInclude Include="triplebit\TripleBitQueryGraph.h">
      <Filter>Header Files</Filter>
    </ClInclude>
    <ClInclude Include="triplebit\TripleBitRepository.h">
      <Filter>Header Files</Filter>
    </ClInclude>
    <ClInclude Include="triplebit\TripleBitWorker.h">
      <Filter>Header Files</Filter>
    </ClInclude>
    <ClInclude Include="triplebit\TripleBitWorkerQuery.h">
      <Filter>Header Files</Filter>
    </ClInclude>
    <ClInclude Include="triplebit\URITable.h">
      <Filter>Header Files</Filter>
    </ClInclude>
    <ClInclude Include="triplebit\TurtleParser.hpp">
      <Filter>Header Files</Filter>
    </ClInclude>
    <ClInclude Include="triplebit\comm\IndexForTT.h">
      <Filter>Header Files</Filter>
    </ClInclude>
    <ClInclude Include="triplebit\comm\ResultBuffer.h">
      <Filter>Header Files</Filter>
    </ClInclude>
    <ClInclude Include="triplebit\comm\subTaskPackage.h">
      <Filter>Header Files</Filter>
    </ClInclude>
    <ClInclude Include="triplebit\comm\Tasks.h">
      <Filter>Header Files</Filter>
    </ClInclude>
    <ClInclude Include="triplebit\comm\TasksQueueChunk.h">
      <Filter>Header Files</Filter>
    </ClInclude>
    <ClInclude Include="triplebit\comm\TasksQueueWP.h">
      <Filter>Header Files</Filter>
    </ClInclude>
    <ClInclude Include="triplebit\comm\Tools.h">
      <Filter>Header Files</Filter>
    </ClInclude>
    <ClInclude Include="triplebit\comm\TransQueueSW.h">
      <Filter>Header Files</Filter>
    </ClInclude>
    <ClInclude Include="triplebit\tools\Mutex.h">
      <Filter>Header Files</Filter>
    </ClInclude>
    <ClInclude Include="triplebit\util\BufferManager.h">
      <Filter>Header Files</Filter>
    </ClInclude>
    <ClInclude Include="triplebit\util\HashJoin.h">
      <Filter>Header Files</Filter>
    </ClInclude>
    <ClInclude Include="triplebit\util\PartitionBufferManager.h">
      <Filter>Header Files</Filter>
    </ClInclude>
    <ClInclude Include="triplebit\util\SortMergeJoin.h">
      <Filter>Header Files</Filter>
    </ClInclude>
    <ClInclude Include="triplebit\util\Timestamp.h">
      <Filter>Header Files</Filter>
    </ClInclude>
  </ItemGroup>
</Project>